
Microsoft Visual Studio Solution File, Format Version 11.00
# Visual Studio 2010
Project("{FAE04EC0-301F-11D3-BF4B-00C04F79EFBC}") = "SlideShow", "SlideShow\SlideShow.csproj", "{A72FE22F-BB25-4907-B273-56B650934AE7}"
EndProject
Global
	GlobalSection(SolutionConfigurationPlatforms) = preSolution
		Debug|Any CPU = Debug|Any CPU
		Release|Any CPU = Release|Any CPU
	EndGlobalSection
	GlobalSection(ProjectConfigurationPlatforms) = postSolution
		{A72FE22F-BB25-4907-B273-56B650934AE7}.Debug|Any CPU.ActiveCfg = Debug|Any CPU
		{A72FE22F-BB25-4907-B273-56B650934AE7}.Debug|Any CPU.Build.0 = Debug|Any CPU
		{A72FE22F-BB25-4907-B273-56B650934AE7}.Release|Any CPU.ActiveCfg = Release|Any CPU
		{A72FE22F-BB25-4907-B273-56B650934AE7}.Release|Any CPU.Build.0 = Release|Any CPU
	EndGlobalSection
	GlobalSection(SolutionProperties) = preSolution
		HideSolutionNode = FALSE
	EndGlobalSection
EndGlobal
